
Microsoft Visual Studio Solution File, Format Version 12.00
# Visual Studio Version 16
VisualStudioVersion = 16.0.31129.286
MinimumVisualStudioVersion = 10.0.40219.1
Project("{8BC9CEB8-8B4A-11D0-8D11-00A0C91BC942}") = "ZoneFbx", "ZoneFbx\ZoneFbx.vcxproj", "{44D3FB44-8DCC-42C8-A6FC-A387F6FE78B7}"
	ProjectSection(ProjectDependencies) = postProject
		{00F405FB-37D6-465D-B449-A5D2DF9B77D1} = {00F405FB-37D6-465D-B449-A5D2DF9B77D1}
	EndProjectSection
EndProject
Project("{9A19103F-16F7-4668-BE54-9A1E7A4F7556}") = "Lumina", "Lumina\src\Lumina\Lumina.csproj", "{00F405FB-37D6-465D-B449-A5D2DF9B77D1}"
EndProject
Project("{9A19103F-16F7-4668-BE54-9A1E7A4F7556}") = "Lumina.Excel", "Lumina\src\Lumina.Excel\Lumina.Excel.csproj", "{282304B1-36FA-4079-B54F-C0B11D270D92}"
EndProject
Global
	GlobalSection(SolutionConfigurationPlatforms) = preSolution
		Debug|Any CPU = Debug|Any CPU
		Debug|x64 = Debug|x64
		Debug|x86 = Debug|x86
		Release|Any CPU = Release|Any CPU
		Release|x64 = Release|x64
		Release|x86 = Release|x86
	EndGlobalSection
	GlobalSection(ProjectConfigurationPlatforms) = postSolution
		{44D3FB44-8DCC-42C8-A6FC-A387F6FE78B7}.Debug|Any CPU.ActiveCfg = Debug|Win32
		{44D3FB44-8DCC-42C8-A6FC-A387F6FE78B7}.Debug|x64.ActiveCfg = Debug|x64
		{44D3FB44-8DCC-42C8-A6FC-A387F6FE78B7}.Debug|x64.Build.0 = Debug|x64
		{44D3FB44-8DCC-42C8-A6FC-A387F6FE78B7}.Debug|x86.ActiveCfg = Debug|Win32
		{44D3FB44-8DCC-42C8-A6FC-A387F6FE78B7}.Debug|x86.Build.0 = Debug|Win32
		{44D3FB44-8DCC-42C8-A6FC-A387F6FE78B7}.Release|Any CPU.ActiveCfg = Release|Win32
		{44D3FB44-8DCC-42C8-A6FC-A387F6FE78B7}.Release|x64.ActiveCfg = Release|x64
		{44D3FB44-8DCC-42C8-A6FC-A387F6FE78B7}.Release|x64.Build.0 = Release|x64
		{44D3FB44-8DCC-42C8-A6FC-A387F6FE78B7}.Release|x86.ActiveCfg = Release|Win32
		{44D3FB44-8DCC-42C8-A6FC-A387F6FE78B7}.Release|x86.Build.0 = Release|Win32
		{00F405FB-37D6-465D-B449-A5D2DF9B77D1}.Debug|Any CPU.ActiveCfg = Debug|Any CPU
		{00F405FB-37D6-465D-B449-A5D2DF9B77D1}.Debug|Any CPU.Build.0 = Debug|Any CPU
		{00F405FB-37D6-465D-B449-A5D2DF9B77D1}.Debug|x64.ActiveCfg = Debug|Any CPU
		{00F405FB-37D6-465D-B449-A5D2DF9B77D1}.Debug|x64.Build.0 = Debug|Any CPU
		{00F405FB-37D6-465D-B449-A5D2DF9B77D1}.Debug|x86.ActiveCfg = Debug|Any CPU
		{00F405FB-37D6-465D-B449-A5D2DF9B77D1}.Debug|x86.Build.0 = Debug|Any CPU
		{00F405FB-37D6-465D-B449-A5D2DF9B77D1}.Release|Any CPU.ActiveCfg = Release|Any CPU
		{00F405FB-37D6-465D-B449-A5D2DF9B77D1}.Release|Any CPU.Build.0 = Release|Any CPU
		{00F405FB-37D6-465D-B449-A5D2DF9B77D1}.Release|x64.ActiveCfg = Release|Any CPU
		{00F405FB-37D6-465D-B449-A5D2DF9B77D1}.Release|x64.Build.0 = Release|Any CPU
		{00F405FB-37D6-465D-B449-A5D2DF9B77D1}.Release|x86.ActiveCfg = Release|Any CPU
		{00F405FB-37D6-465D-B449-A5D2DF9B77D1}.Release|x86.Build.0 = Release|Any CPU
		{282304B1-36FA-4079-B54F-C0B11D270D92}.Debug|Any CPU.ActiveCfg = Debug|Any CPU
		{282304B1-36FA-4079-B54F-C0B11D270D92}.Debug|Any CPU.Build.0 = Debug|Any CPU
		{282304B1-36FA-4079-B54F-C0B11D270D92}.Debug|x64.ActiveCfg = Debug|Any CPU
		{282304B1-36FA-4079-B54F-C0B11D270D92}.Debug|x64.Build.0 = Debug|Any CPU
		{282304B1-36FA-4079-B54F-C0B11D270D92}.Debug|x86.ActiveCfg = Debug|Any CPU
		{282304B1-36FA-4079-B54F-C0B11D270D92}.Debug|x86.Build.0 = Debug|Any CPU
		{282304B1-36FA-4079-B54F-C0B11D270D92}.Release|Any CPU.ActiveCfg = Release|Any CPU
		{282304B1-36FA-4079-B54F-C0B11D270D92}.Release|Any CPU.Build.0 = Release|Any CPU
		{282304B1-36FA-4079-B54F-C0B11D270D92}.Release|x64.ActiveCfg = Release|Any CPU
		{282304B1-36FA-4079-B54F-C0B11D270D92}.Release|x64.Build.0 = Release|Any CPU
		{282304B1-36FA-4079-B54F-C0B11D270D92}.Release|x86.ActiveCfg = Release|Any CPU
		{282304B1-36FA-4079-B54F-C0B11D270D92}.Release|x86.Build.0 = Release|Any CPU
	EndGlobalSection
	GlobalSection(SolutionProperties) = preSolution
		HideSolutionNode = FALSE
	EndGlobalSection
	GlobalSection(ExtensibilityGlobals) = postSolution
		SolutionGuid = {9CE4D489-DD4C-4A85-B861-A0280A29501D}
	EndGlobalSection
EndGlobal
